// !$*UTF8*$!
{
	archiveVersion = 1;
	classes = {
	};
	objectVersion = 48;
	objects = {

/* Begin PBXBuildFile section */
		720539A8206AFD5600F39A85 /* AppDelegate.swift in Sources */ = {isa = PBXBuildFile; fileRef = 720539A7206AFD5600F39A85 /* AppDelegate.swift */; };
		720539AA206AFD5600F39A85 /* LoginViewController.swift in Sources */ = {isa = PBXBuildFile; fileRef = 720539A9206AFD5600F39A85 /* LoginViewController.swift */; };
		720539AD206AFD5600F39A85 /* Main.storyboard in Resources */ = {isa = PBXBuildFile; fileRef = 720539AB206AFD5600F39A85 /* Main.storyboard */; };
		720539AF206AFD5600F39A85 /* Assets.xcassets in Resources */ = {isa = PBXBuildFile; fileRef = 720539AE206AFD5600F39A85 /* Assets.xcassets */; };
		720539B2206AFD5600F39A85 /* LaunchScreen.storyboard in Resources */ = {isa = PBXBuildFile; fileRef = 720539B0206AFD5600F39A85 /* LaunchScreen.storyboard */; };
		726679EA206C568200AB3B76 /* LoginResponse.swift in Sources */ = {isa = PBXBuildFile; fileRef = 726679E9206C568200AB3B76 /* LoginResponse.swift */; };
		726679EC206C62B600AB3B76 /* LoginNetworkManager.swift in Sources */ = {isa = PBXBuildFile; fileRef = 726679EB206C62B600AB3B76 /* LoginNetworkManager.swift */; };
		72E9FF58206C42A7006F3BD3 /* LoginViewModel.swift in Sources */ = {isa = PBXBuildFile; fileRef = 72E9FF57206C42A7006F3BD3 /* LoginViewModel.swift */; };
		D6569E5B2071BD2266296B15 /* Pods_HappyStore.framework in Frameworks */ = {isa = PBXBuildFile; fileRef = 05E13668AA14462DBC10AF87 /* Pods_HappyStore.framework */; };
/* End PBXBuildFile section */

/* Begin PBXFileReference section */
		05E13668AA14462DBC10AF87 /* Pods_HappyStore.framework */ = {isa = PBXFileReference; explicitFileType = wrapper.framework; includeInIndex = 0; path = Pods_HappyStore.framework; sourceTree = BUILT_PRODUCTS_DIR; };
		18D7C55E99ED57DB96970894 /* Pods-HappyStore.debug.xcconfig */ = {isa = PBXFileReference; includeInIndex = 1; lastKnownFileType = text.xcconfig; name = "Pods-HappyStore.debug.xcconfig"; path = "Pods/Target Support Files/Pods-HappyStore/Pods-HappyStore.debug.xcconfig"; sourceTree = "<group>"; };
		720539A4206AFD5600F39A85 /* HappyStore.app */ = {isa = PBXFileReference; explicitFileType = wrapper.application; includeInIndex = 0; path = HappyStore.app; sourceTree = BUILT_PRODUCTS_DIR; };
		720539A7206AFD5600F39A85 /* AppDelegate.swift */ = {isa = PBXFileReference; lastKnownFileType = sourcecode.swift; path = AppDelegate.swift; sourceTree = "<group>"; };
		720539A9206AFD5600F39A85 /* LoginViewController.swift */ = {isa = PBXFileReference; lastKnownFileType = sourcecode.swift; path = LoginViewController.swift; sourceTree = "<group>"; };
		720539AC206AFD5600F39A85 /* Base */ = {isa = PBXFileReference; lastKnownFileType = file.storyboard; name = Base; path = Base.lproj/Main.storyboard; sourceTree = "<group>"; };
		720539AE206AFD5600F39A85 /* Assets.xcassets */ = {isa = PBXFileReference; lastKnownFileType = folder.assetcatalog; path = Assets.xcassets; sourceTree = "<group>"; };
		720539B1206AFD5600F39A85 /* Base */ = {isa = PBXFileReference; lastKnownFileType = file.storyboard; name = Base; path = Base.lproj/LaunchScreen.storyboard; sourceTree = "<group>"; };
		720539B3206AFD5600F39A85 /* Info.plist */ = {isa = PBXFileReference; lastKnownFileType = text.plist.xml; path = Info.plist; sourceTree = "<group>"; };
		726679E9206C568200AB3B76 /* LoginResponse.swift */ = {isa = PBXFileReference; lastKnownFileType = sourcecode.swift; path = LoginResponse.swift; sourceTree = "<group>"; };
		726679EB206C62B600AB3B76 /* LoginNetworkManager.swift */ = {isa = PBXFileReference; lastKnownFileType = sourcecode.swift; path = LoginNetworkManager.swift; sourceTree = "<group>"; };
		72E9FF57206C42A7006F3BD3 /* LoginViewModel.swift */ = {isa = PBXFileReference; lastKnownFileType = sourcecode.swift; path = LoginViewModel.swift; sourceTree = "<group>"; };
		9834EF4821C564C9E3AC7A29 /* Pods-HappyStore.release.xcconfig */ = {isa = PBXFileReference; includeInIndex = 1; lastKnownFileType = text.xcconfig; name = "Pods-HappyStore.release.xcconfig"; path = "Pods/Target Support Files/Pods-HappyStore/Pods-HappyStore.release.xcconfig"; sourceTree = "<group>"; };
/* End PBXFileReference section */

/* Begin PBXFrameworksBuildPhase section */
		720539A1206AFD5600F39A85 /* Frameworks */ = {
			isa = PBXFrameworksBuildPhase;
			buildActionMask = 2147483647;
			files = (
				D6569E5B2071BD2266296B15 /* Pods_HappyStore.framework in Frameworks */,
			);
			runOnlyForDeploymentPostprocessing = 0;
		};
/* End PBXFrameworksBuildPhase section */

/* Begin PBXGroup section */
		31ABE442A844080CC5E47C25 /* Frameworks */ = {
			isa = PBXGroup;
			children = (
				05E13668AA14462DBC10AF87 /* Pods_HappyStore.framework */,
			);
			name = Frameworks;
			sourceTree = "<group>";
		};
		7205399B206AFD5600F39A85 = {
			isa = PBXGroup;
			children = (
				720539A6206AFD5600F39A85 /* HappyStore */,
				720539A5206AFD5600F39A85 /* Products */,
				C0CFAF1A55DF2D412DAA6B12 /* Pods */,
				31ABE442A844080CC5E47C25 /* Frameworks */,
			);
			sourceTree = "<group>";
		};
		720539A5206AFD5600F39A85 /* Products */ = {
			isa = PBXGroup;
			children = (
				720539A4206AFD5600F39A85 /* HappyStore.app */,
			);
			name = Products;
			sourceTree = "<group>";
		};
		720539A6206AFD5600F39A85 /* HappyStore */ = {
			isa = PBXGroup;
			children = (
				726679E8206C566F00AB3B76 /* Model */,
				72E9FF54206C417C006F3BD3 /* Modules */,
				72E9FF53206C411E006F3BD3 /* Supporting Files */,
				720539A7206AFD5600F39A85 /* AppDelegate.swift */,
			);
			path = HappyStore;
			sourceTree = "<group>";
		};
		726679E8206C566F00AB3B76 /* Model */ = {
			isa = PBXGroup;
			children = (
				726679E9206C568200AB3B76 /* LoginResponse.swift */,
			);
			path = Model;
			sourceTree = "<group>";
		};
		72E9FF53206C411E006F3BD3 /* Supporting Files */ = {
			isa = PBXGroup;
			children = (
				720539AE206AFD5600F39A85 /* Assets.xcassets */,
				720539B0206AFD5600F39A85 /* LaunchScreen.storyboard */,
				720539B3206AFD5600F39A85 /* Info.plist */,
			);
			path = "Supporting Files";
			sourceTree = "<group>";
		};
		72E9FF54206C417C006F3BD3 /* Modules */ = {
			isa = PBXGroup;
			children = (
				72E9FF55206C4185006F3BD3 /* Login */,
			);
			path = Modules;
			sourceTree = "<group>";
		};
		72E9FF55206C4185006F3BD3 /* Login */ = {
			isa = PBXGroup;
			children = (
				72E9FF56206C4278006F3BD3 /* User Interface */,
				72E9FF57206C42A7006F3BD3 /* LoginViewModel.swift */,
				726679EB206C62B600AB3B76 /* LoginNetworkManager.swift */,
			);
			path = Login;
			sourceTree = "<group>";
		};
		72E9FF56206C4278006F3BD3 /* User Interface */ = {
			isa = PBXGroup;
			children = (
				720539A9206AFD5600F39A85 /* LoginViewController.swift */,
				720539AB206AFD5600F39A85 /* Main.storyboard */,
			);
			path = "User Interface";
			sourceTree = "<group>";
		};
		C0CFAF1A55DF2D412DAA6B12 /* Pods */ = {
			isa = PBXGroup;
			children = (
				18D7C55E99ED57DB96970894 /* Pods-HappyStore.debug.xcconfig */,
				9834EF4821C564C9E3AC7A29 /* Pods-HappyStore.release.xcconfig */,
			);
			name = Pods;
			sourceTree = "<group>";
		};
/* End PBXGroup section */

/* Begin PBXNativeTarget section */
		720539A3206AFD5600F39A85 /* HappyStore */ = {
			isa = PBXNativeTarget;
			buildConfigurationList = 720539B6206AFD5600F39A85 /* Build configuration list for PBXNativeTarget "HappyStore" */;
			buildPhases = (
				35B39C868365EC0CAAA52F4B /* [CP] Check Pods Manifest.lock */,
				720539A0206AFD5600F39A85 /* Sources */,
				720539A1206AFD5600F39A85 /* Frameworks */,
				720539A2206AFD5600F39A85 /* Resources */,
				D5C14BB70DB5646E4AB87028 /* [CP] Embed Pods Frameworks */,
				6B2BA54394E2AE1E3B3B7A74 /* [CP] Copy Pods Resources */,
			);
			buildRules = (
			);
			dependencies = (
			);
			name = HappyStore;
			productName = HappyStore;
			productReference = 720539A4206AFD5600F39A85 /* HappyStore.app */;
			productType = "com.apple.product-type.application";
		};
/* End PBXNativeTarget section */

/* Begin PBXProject section */
		7205399C206AFD5600F39A85 /* Project object */ = {
			isa = PBXProject;
			attributes = {
				LastSwiftUpdateCheck = 0920;
				LastUpgradeCheck = 0920;
				ORGANIZATIONNAME = "Mahmoud El-Naggar";
				TargetAttributes = {
					720539A3206AFD5600F39A85 = {
						CreatedOnToolsVersion = 9.2;
						ProvisioningStyle = Automatic;
					};
				};
			};
			buildConfigurationList = 7205399F206AFD5600F39A85 /* Build configuration list for PBXProject "HappyStore" */;
			compatibilityVersion = "Xcode 8.0";
			developmentRegion = en;
			hasScannedForEncodings = 0;
			knownRegions = (
				en,
				Base,
			);
			mainGroup = 7205399B206AFD5600F39A85;
			productRefGroup = 720539A5206AFD5600F39A85 /* Products */;
			projectDirPath = "";
			projectRoot = "";
			targets = (
				720539A3206AFD5600F39A85 /* HappyStore */,
			);
		};
/* End PBXProject section */

/* Begin PBXResourcesBuildPhase section */
		720539A2206AFD5600F39A85 /* Resources */ = {
			isa = PBXResourcesBuildPhase;
			buildActionMask = 2147483647;
			files = (
				720539B2206AFD5600F39A85 /* LaunchScreen.storyboard in Resources */,
				720539AF206AFD5600F39A85 /* Assets.xcassets in Resources */,
				720539AD206AFD5600F39A85 /* Main.storyboard in Resources */,
			);
			runOnlyForDeploymentPostprocessing = 0;
		};
/* End PBXResourcesBuildPhase section */

/* Begin PBXShellScriptBuildPhase section */
		35B39C868365EC0CAAA52F4B /* [CP] Check Pods Manifest.lock */ = {
			isa = PBXShellScriptBuildPhase;
			buildActionMask = 2147483647;
			files = (
			);
			inputPaths = (
				"${PODS_PODFILE_DIR_PATH}/Podfile.lock",
				"${PODS_ROOT}/Manifest.lock",
			);
			name = "[CP] Check Pods Manifest.lock";
			outputPaths = (
				"$(DERIVED_FILE_DIR)/Pods-HappyStore-checkManifestLockResult.txt",
			);
			runOnlyForDeploymentPostprocessing = 0;
			shellPath = /bin/sh;
			shellScript = "diff \"${PODS_PODFILE_DIR_PATH}/Podfile.lock\" \"${PODS_ROOT}/Manifest.lock\" > /dev/null\nif [ $? != 0 ] ; then\n    # print error to STDERR\n    echo \"error: The sandbox is not in sync with the Podfile.lock. Run 'pod install' or update your CocoaPods installation.\" >&2\n    exit 1\nfi\n# This output is used by Xcode 'outputs' to avoid re-running this script phase.\necho \"SUCCESS\" > \"${SCRIPT_OUTPUT_FILE_0}\"\n";
			showEnvVarsInLog = 0;
		};
		6B2BA54394E2AE1E3B3B7A74 /* [CP] Copy Pods Resources */ = {
			isa = PBXShellScriptBuildPhase;
			buildActionMask = 2147483647;
			files = (
			);
			inputPaths = (
			);
			name = "[CP] Copy Pods Resources";
			outputPaths = (
			);
			runOnlyForDeploymentPostprocessing = 0;
			shellPath = /bin/sh;
			shellScript = "\"${SRCROOT}/Pods/Target Support Files/Pods-HappyStore/Pods-HappyStore-resources.sh\"\n";
			showEnvVarsInLog = 0;
		};
		D5C14BB70DB5646E4AB87028 /* [CP] Embed Pods Frameworks */ = {
			isa = PBXShellScriptBuildPhase;
			buildActionMask = 2147483647;
			files = (
			);
			inputPaths = (
				"${SRCROOT}/Pods/Target Support Files/Pods-HappyStore/Pods-HappyStore-frameworks.sh",
				"${BUILT_PRODUCTS_DIR}/RxCocoa/RxCocoa.framework",
				"${BUILT_PRODUCTS_DIR}/RxSwift/RxSwift.framework",
			);
			name = "[CP] Embed Pods Frameworks";
			outputPaths = (
				"${TARGET_BUILD_DIR}/${FRAMEWORKS_FOLDER_PATH}/RxCocoa.framework",
				"${TARGET_BUILD_DIR}/${FRAMEWORKS_FOLDER_PATH}/RxSwift.framework",
			);
			runOnlyForDeploymentPostprocessing = 0;
			shellPath = /bin/sh;
			shellScript = "\"${SRCROOT}/Pods/Target Support Files/Pods-HappyStore/Pods-HappyStore-frameworks.sh\"\n";
			showEnvVarsInLog = 0;
		};
/* End PBXShellScriptBuildPhase section */

/* Begin PBXSourcesBuildPhase section */
		720539A0206AFD5600F39A85 /* Sources */ = {
			isa = PBXSourcesBuildPhase;
			buildActionMask = 2147483647;
			files = (
				720539AA206AFD5600F39A85 /* LoginViewController.swift in Sources */,
				720539A8206AFD5600F39A85 /* AppDelegate.swift in Sources */,
				726679EA206C568200AB3B76 /* LoginResponse.swift in Sources */,
				72E9FF58206C42A7006F3BD3 /* LoginViewModel.swift in Sources */,
				726679EC206C62B600AB3B76 /* LoginNetworkManager.swift in Sources */,
			);
			runOnlyForDeploymentPostprocessing = 0;
		};
/* End PBXSourcesBuildPhase section */

/* Begin PBXVariantGroup section */
		720539AB206AFD5600F39A85 /* Main.storyboard */ = {
			isa = PBXVariantGroup;
			children = (
				720539AC206AFD5600F39A85 /* Base */,
			);
			name = Main.storyboard;
			sourceTree = "<group>";
		};
		720539B0206AFD5600F39A85 /* LaunchScreen.storyboard */ = {
			isa = PBXVariantGroup;
			children = (
				720539B1206AFD5600F39A85 /* Base */,
			);
			name = LaunchScreen.storyboard;
			sourceTree = "<group>";
		};
/* End PBXVariantGroup section */

/* Begin XCBuildConfiguration section */
		720539B4206AFD5600F39A85 /* Debug */ = {
			isa = XCBuildConfiguration;
			buildSettings = {
				ALWAYS_SEARCH_USER_PATHS = NO;
				CLANG_ANALYZER_NONNULL = YES;
				CLANG_ANALYZER_NUMBER_OBJECT_CONVERSION = YES_AGGRESSIVE;
				CLANG_CXX_LANGUAGE_STANDARD = "gnu++14";
				CLANG_CXX_LIBRARY = "libc++";
				CLANG_ENABLE_MODULES = YES;
				CLANG_ENABLE_OBJC_ARC = YES;
				CLANG_WARN_BLOCK_CAPTURE_AUTORELEASING = YES;
				CLANG_WARN_BOOL_CONVERSION = YES;
				CLANG_WARN_COMMA = YES;
				CLANG_WARN_CONSTANT_CONVERSION = YES;
				CLANG_WARN_DIRECT_OBJC_ISA_USAGE = YES_ERROR;
				CLANG_WARN_DOCUMENTATION_COMMENTS = YES;
				CLANG_WARN_EMPTY_BODY = YES;
				CLANG_WARN_ENUM_CONVERSION = YES;
				CLANG_WARN_INFINITE_RECURSION = YES;
				CLANG_WARN_INT_CONVERSION = YES;
				CLANG_WARN_NON_LITERAL_NULL_CONVERSION = YES;
				CLANG_WARN_OBJC_LITERAL_CONVERSION = YES;
				CLANG_WARN_OBJC_ROOT_CLASS = YES_ERROR;
				CLANG_WARN_RANGE_LOOP_ANALYSIS = YES;
				CLANG_WARN_STRICT_PROTOTYPES = YES;
				CLANG_WARN_SUSPICIOUS_MOVE = YES;
				CLANG_WARN_UNGUARDED_AVAILABILITY = YES_AGGRESSIVE;
				CLANG_WARN_UNREACHABLE_CODE = YES;
				CLANG_WARN__DUPLICATE_METHOD_MATCH = YES;
				CODE_SIGN_IDENTITY = "iPhone Developer";
				COPY_PHASE_STRIP = NO;
				DEBUG_INFORMATION_FORMAT = dwarf;
				ENABLE_STRICT_OBJC_MSGSEND = YES;
				ENABLE_TESTABILITY = YES;
				GCC_C_LANGUAGE_STANDARD = gnu11;
				GCC_DYNAMIC_NO_PIC = NO;
				GCC_NO_COMMON_BLOCKS = YES;
				GCC_OPTIMIZATION_LEVEL = 0;
				GCC_PREPROCESSOR_DEFINITIONS = (
					"DEBUG=1",
					"$(inherited)",
				);
				GCC_WARN_64_TO_32_BIT_CONVERSION = YES;
				GCC_WARN_ABOUT_RETURN_TYPE = YES_ERROR;
				GCC_WARN_UNDECLARED_SELECTOR = YES;
				GCC_WARN_UNINITIALIZED_AUTOS = YES_AGGRESSIVE;
				GCC_WARN_UNUSED_FUNCTION = YES;
				GCC_WARN_UNUSED_VARIABLE = YES;
				IPHONEOS_DEPLOYMENT_TARGET = 11.2;
				MTL_ENABLE_DEBUG_INFO = YES;
				ONLY_ACTIVE_ARCH = YES;
				SDKROOT = iphoneos;
				SWIFT_ACTIVE_COMPILATION_CONDITIONS = DEBUG;
				SWIFT_OPTIMIZATION_LEVEL = "-Onone";
			};
			name = Debug;
		};
		720539B5206AFD5600F39A85 /* Release */ = {
			isa = XCBuildConfiguration;
			buildSettings = {
				ALWAYS_SEARCH_USER_PATHS = NO;
				CLANG_ANALYZER_NONNULL = YES;
				CLANG_ANALYZER_NUMBER_OBJECT_CONVERSION = YES_AGGRESSIVE;
				CLANG_CXX_LANGUAGE_STANDARD = "gnu++14";
				CLANG_CXX_LIBRARY = "libc++";
				CLANG_ENABLE_MODULES = YES;
				CLANG_ENABLE_OBJC_ARC = YES;
				CLANG_WARN_BLOCK_CAPTURE_AUTORELEASING = YES;
				CLANG_WARN_BOOL_CONVERSION = YES;
				CLANG_WARN_COMMA = YES;
				CLANG_WARN_CONSTANT_CONVERSION = YES;
				CLANG_WARN_DIRECT_OBJC_ISA_USAGE = YES_ERROR;
				CLANG_WARN_DOCUMENTATION_COMMENTS = YES;
				CLANG_WARN_EMPTY_BODY = YES;
				CLANG_WARN_ENUM_CONVERSION = YES;
				CLANG_WARN_INFINITE_RECURSION = YES;
				CLANG_WARN_INT_CONVERSION = YES;
				CLANG_WARN_NON_LITERAL_NULL_CONVERSION = YES;
				CLANG_WARN_OBJC_LITERAL_CONVERSION = YES;
				CLANG_WARN_OBJC_ROOT_CLASS = YES_ERROR;
				CLANG_WARN_RANGE_LOOP_ANALYSIS = YES;
				CLANG_WARN_STRICT_PROTOTYPES = YES;
				CLANG_WARN_SUSPICIOUS_MOVE = YES;
				CLANG_WARN_UNGUARDED_AVAILABILITY = YES_AGGRESSIVE;
				CLANG_WARN_UNREACHABLE_CODE = YES;
				CLANG_WARN__DUPLICATE_METHOD_MATCH = YES;
				CODE_SIGN_IDENTITY = "iPhone Developer";
				COPY_PHASE_STRIP = NO;
				DEBUG_INFORMATION_FORMAT = "dwarf-with-dsym";
				ENABLE_NS_ASSERTIONS = NO;
				ENABLE_STRICT_OBJC_MSGSEND = YES;
				GCC_C_LANGUAGE_STANDARD = gnu11;
				GCC_NO_COMMON_BLOCKS = YES;
				GCC_WARN_64_TO_32_BIT_CONVERSION = YES;
				GCC_WARN_ABOUT_RETURN_TYPE = YES_ERROR;
				GCC_WARN_UNDECLARED_SELECTOR = YES;
				GCC_WARN_UNINITIALIZED_AUTOS = YES_AGGRESSIVE;
				GCC_WARN_UNUSED_FUNCTION = YES;
				GCC_WARN_UNUSED_VARIABLE = YES;
				IPHONEOS_DEPLOYMENT_TARGET = 11.2;
				MTL_ENABLE_DEBUG_INFO = NO;
				SDKROOT = iphoneos;
				SWIFT_OPTIMIZATION_LEVEL = "-Owholemodule";
				VALIDATE_PRODUCT = YES;
			};
			name = Release;
		};
		720539B7206AFD5600F39A85 /* Debug */ = {
			isa = XCBuildConfiguration;
			baseConfigurationReference = 18D7C55E99ED57DB96970894 /* Pods-HappyStore.debug.xcconfig */;
			buildSettings = {
				ASSETCATALOG_COMPILER_APPICON_NAME = AppIcon;
				CODE_SIGN_STYLE = Automatic;
				DEVELOPMENT_TEAM = 3WM93Z2N3B;
				INFOPLIST_FILE = "$(SRCROOT)/HappyStore/Supporting Files/Info.plist";
				LD_RUNPATH_SEARCH_PATHS = "$(inherited) @executable_path/Frameworks";
				PRODUCT_BUNDLE_IDENTIFIER = com.elnaggar.HappyStore;
				PRODUCT_NAME = "$(TARGET_NAME)";
				SWIFT_VERSION = 4.0;
				TARGETED_DEVICE_FAMILY = "1,2";
			};
			name = Debug;
		};
		720539B8206AFD5600F39A85 /* Release */ = {
			isa = XCBuildConfiguration;
			baseConfigurationReference = 9834EF4821C564C9E3AC7A29 /* Pods-HappyStore.release.xcconfig */;
			buildSettings = {
				ASSETCATALOG_COMPILER_APPICON_NAME = AppIcon;
				CODE_SIGN_STYLE = Automatic;
				DEVELOPMENT_TEAM = 3WM93Z2N3B;
				INFOPLIST_FILE = "$(SRCROOT)/HappyStore/Supporting Files/Info.plist";
				LD_RUNPATH_SEARCH_PATHS = "$(inherited) @executable_path/Frameworks";
				PRODUCT_BUNDLE_IDENTIFIER = com.elnaggar.HappyStore;
				PRODUCT_NAME = "$(TARGET_NAME)";
				SWIFT_VERSION = 4.0;
				TARGETED_DEVICE_FAMILY = "1,2";
			};
			name = Release;
		};
/* End XCBuildConfiguration section */

/* Begin XCConfigurationList section */
		7205399F206AFD5600F39A85 /* Build configuration list for PBXProject "HappyStore" */ = {
			isa = XCConfigurationList;
			buildConfigurations = (
				720539B4206AFD5600F39A85 /* Debug */,
				720539B5206AFD5600F39A85 /* Release */,
			);
			defaultConfigurationIsVisible = 0;
			defaultConfigurationName = Release;
		};
		720539B6206AFD5600F39A85 /* Build configuration list for PBXNativeTarget "HappyStore" */ = {
			isa = XCConfigurationList;
			buildConfigurations = (
				720539B7206AFD5600F39A85 /* Debug */,
				720539B8206AFD5600F39A85 /* Release */,
			);
			defaultConfigurationIsVisible = 0;
			defaultConfigurationName = Release;
		};
/* End XCConfigurationList section */
	};
	rootObject = 7205399C206AFD5600F39A85 /* Project object */;
}
